{
  "name": "get-gcp-id-token-with-service-account",
  "version": "1.0.1",
  "lockfileVersion": 3,
  "requires": true,
  "packages": {
    "": {
      "name": "get-gcp-id-token-with-service-account",
      "version": "1.0.1",
      "license": "Apache-2.0",
      "engines": {
        "node": ">=20.x.x"
      }
    }
  }
}
